{
  "originHash" : "0f9a26bb18f8b39f511085ac82ea8f9837635e934890bbe7d1d4aa24cda6ec59",
  "pins" : [
    {
      "identity" : "cryptoswift",
      "kind" : "remoteSourceControl",
      "location" : "https://github.com/krzyzanowskim/CryptoSwift.git",
      "state" : {
        "revision" : "678d442c6f7828def400a70ae15968aef67ef52d",
        "version" : "1.8.3"
      }
    },
    {
      "identity" : "swift-secp256k1",
      "kind" : "remoteSourceControl",
      "location" : "https://github.com/21-DOT-DEV/swift-secp256k1.git",
      "state" : {
        "revision" : "9683e8e311c76d8114cd308b697dad2f9fc58fed",
        "version" : "0.17.0"
      }
    }
  ],
  "version" : 3
}
